{
  "name": "test-browser-nativefs",
  "version": "1.0.0",
  "lockfileVersion": 2,
  "requires": true,
  "packages": {
    "": {
      "version": "1.0.0",
      "license": "ISC",
      "dependencies": {
        "browser-nativefs": "^0.12.0"
      }
    },
    "node_modules/browser-nativefs": {
      "version": "0.12.0",
      "resolved": "https://registry.npmjs.org/browser-nativefs/-/browser-nativefs-0.12.0.tgz",
      "integrity": "sha512-ZCHJcQI6bBm9YjB+6wMT1nWg+/mnWnz7r3gJ8sx7RjgLtWROFq+BuD12cAncD6y45MIbUqFM8eMKXoHXOxSFxA=="
    }
  },
  "dependencies": {
    "browser-nativefs": {
      "version": "0.12.0",
      "resolved": "https://registry.npmjs.org/browser-nativefs/-/browser-nativefs-0.12.0.tgz",
      "integrity": "sha512-ZCHJcQI6bBm9YjB+6wMT1nWg+/mnWnz7r3gJ8sx7RjgLtWROFq+BuD12cAncD6y45MIbUqFM8eMKXoHXOxSFxA=="
    }
  }
}
